
Microsoft Visual Studio Solution File, Format Version 12.00
# Visual Studio Version 17
VisualStudioVersion = 17.14.36623.8 d17.14
MinimumVisualStudioVersion = 10.0.40219.1
Project("{FAE04EC0-301F-11D3-BF4B-00C04F79EFBC}") = "MakesCentsBackend", "MakesCentsBackend\MakesCentsBackend.csproj", "{C2215582-B832-47FE-B364-C52CE86996E6}"
EndProject
Global
	GlobalSection(SolutionConfigurationPlatforms) = preSolution
		Debug|Any CPU = Debug|Any CPU
		Release|Any CPU = Release|Any CPU
	EndGlobalSection
	GlobalSection(ProjectConfigurationPlatforms) = postSolution
		{C2215582-B832-47FE-B364-C52CE86996E6}.Debug|Any CPU.ActiveCfg = Debug|Any CPU
		{C2215582-B832-47FE-B364-C52CE86996E6}.Debug|Any CPU.Build.0 = Debug|Any CPU
		{C2215582-B832-47FE-B364-C52CE86996E6}.Release|Any CPU.ActiveCfg = Release|Any CPU
		{C2215582-B832-47FE-B364-C52CE86996E6}.Release|Any CPU.Build.0 = Release|Any CPU
	EndGlobalSection
	GlobalSection(SolutionProperties) = preSolution
		HideSolutionNode = FALSE
	EndGlobalSection
	GlobalSection(ExtensibilityGlobals) = postSolution
		SolutionGuid = {9F632503-0334-44DE-9176-E20BFB469FE8}
	EndGlobalSection
EndGlobal
